
Microsoft Visual Studio Solution File, Format Version 12.00
# Visual Studio Version 17
VisualStudioVersion = 17.4.33213.308
MinimumVisualStudioVersion = 10.0.40219.1
Project("{9A19103F-16F7-4668-BE54-9A1E7A4F7556}") = "VotePlatform", "VotePlatform\VotePlatform.csproj", "{A4A2AACD-7BFA-4637-BB5E-1B08498D0E85}"
EndProject
Project("{FAE04EC0-301F-11D3-BF4B-00C04F79EFBC}") = "DataBase", "DataBase\DataBase.csproj", "{94C6162F-0BBE-4CFB-AB5D-B25DAC09225B}"
EndProject
Global
	GlobalSection(SolutionConfigurationPlatforms) = preSolution
		Debug|Any CPU = Debug|Any CPU
		Release|Any CPU = Release|Any CPU
	EndGlobalSection
	GlobalSection(ProjectConfigurationPlatforms) = postSolution
		{A4A2AACD-7BFA-4637-BB5E-1B08498D0E85}.Debug|Any CPU.ActiveCfg = Debug|Any CPU
		{A4A2AACD-7BFA-4637-BB5E-1B08498D0E85}.Debug|Any CPU.Build.0 = Debug|Any CPU
		{A4A2AACD-7BFA-4637-BB5E-1B08498D0E85}.Release|Any CPU.ActiveCfg = Release|Any CPU
		{A4A2AACD-7BFA-4637-BB5E-1B08498D0E85}.Release|Any CPU.Build.0 = Release|Any CPU
		{94C6162F-0BBE-4CFB-AB5D-B25DAC09225B}.Debug|Any CPU.ActiveCfg = Debug|Any CPU
		{94C6162F-0BBE-4CFB-AB5D-B25DAC09225B}.Debug|Any CPU.Build.0 = Debug|Any CPU
		{94C6162F-0BBE-4CFB-AB5D-B25DAC09225B}.Release|Any CPU.ActiveCfg = Release|Any CPU
		{94C6162F-0BBE-4CFB-AB5D-B25DAC09225B}.Release|Any CPU.Build.0 = Release|Any CPU
	EndGlobalSection
	GlobalSection(SolutionProperties) = preSolution
		HideSolutionNode = FALSE
	EndGlobalSection
	GlobalSection(ExtensibilityGlobals) = postSolution
		SolutionGuid = {0E57C159-D67E-408E-9215-C512D71FE726}
	EndGlobalSection
EndGlobal
